
Microsoft Visual Studio Solution File, Format Version 12.00
# Visual Studio Version 17
VisualStudioVersion = 17.4.33110.190
MinimumVisualStudioVersion = 10.0.40219.1
Project("{FAE04EC0-301F-11D3-BF4B-00C04F79EFBC}") = "WinFormsApp1", "WinFormsApp1\WinFormsApp1.csproj", "{23BBC3AB-6FD5-4CD8-A569-69CD98A0D14E}"
EndProject
Global
	GlobalSection(SolutionConfigurationPlatforms) = preSolution
		Debug|Any CPU = Debug|Any CPU
		Release|Any CPU = Release|Any CPU
	EndGlobalSection
	GlobalSection(ProjectConfigurationPlatforms) = postSolution
		{23BBC3AB-6FD5-4CD8-A569-69CD98A0D14E}.Debug|Any CPU.ActiveCfg = Debug|Any CPU
		{23BBC3AB-6FD5-4CD8-A569-69CD98A0D14E}.Debug|Any CPU.Build.0 = Debug|Any CPU
		{23BBC3AB-6FD5-4CD8-A569-69CD98A0D14E}.Release|Any CPU.ActiveCfg = Release|Any CPU
		{23BBC3AB-6FD5-4CD8-A569-69CD98A0D14E}.Release|Any CPU.Build.0 = Release|Any CPU
	EndGlobalSection
	GlobalSection(SolutionProperties) = preSolution
		HideSolutionNode = FALSE
	EndGlobalSection
	GlobalSection(ExtensibilityGlobals) = postSolution
		SolutionGuid = {F29DA820-CBEC-4196-AEBD-FC17B6B2A8BA}
	EndGlobalSection
EndGlobal
